
Microsoft Visual Studio Solution File, Format Version 12.00
# Visual Studio Version 16
VisualStudioVersion = 16.0.28803.452
MinimumVisualStudioVersion = 10.0.40219.1
Project("{9A19103F-16F7-4668-BE54-9A1E7A4F7556}") = "TestDataPreparationDemos", "TestDataPreparationDemos\TestDataPreparationDemos.csproj", "{1C9E6C8B-7A08-40DD-A5EC-245F91F73AB1}"
EndProject
Global
	GlobalSection(SolutionConfigurationPlatforms) = preSolution
		Debug|Any CPU = Debug|Any CPU
		Release|Any CPU = Release|Any CPU
	EndGlobalSection
	GlobalSection(ProjectConfigurationPlatforms) = postSolution
		{1C9E6C8B-7A08-40DD-A5EC-245F91F73AB1}.Debug|Any CPU.ActiveCfg = Debug|Any CPU
		{1C9E6C8B-7A08-40DD-A5EC-245F91F73AB1}.Debug|Any CPU.Build.0 = Debug|Any CPU
		{1C9E6C8B-7A08-40DD-A5EC-245F91F73AB1}.Release|Any CPU.ActiveCfg = Release|Any CPU
		{1C9E6C8B-7A08-40DD-A5EC-245F91F73AB1}.Release|Any CPU.Build.0 = Release|Any CPU
	EndGlobalSection
	GlobalSection(SolutionProperties) = preSolution
		HideSolutionNode = FALSE
	EndGlobalSection
	GlobalSection(ExtensibilityGlobals) = postSolution
		SolutionGuid = {6F94DDF3-A51B-4CAC-B0D0-6AF2B31D794E}
	EndGlobalSection
EndGlobal
