
Microsoft Visual Studio Solution File, Format Version 12.00
# Visual Studio 15
VisualStudioVersion = 15.0.28307.136
MinimumVisualStudioVersion = 10.0.40219.1
Project("{9A19103F-16F7-4668-BE54-9A1E7A4F7556}") = "ExtensibilityDemos", "ExtensibilityDemos\ExtensibilityDemos.csproj", "{F07D1923-3B41-489D-AEAC-23FB25C485FC}"
EndProject
Global
	GlobalSection(SolutionConfigurationPlatforms) = preSolution
		Debug|Any CPU = Debug|Any CPU
		Release|Any CPU = Release|Any CPU
	EndGlobalSection
	GlobalSection(ProjectConfigurationPlatforms) = postSolution
		{F07D1923-3B41-489D-AEAC-23FB25C485FC}.Debug|Any CPU.ActiveCfg = Debug|Any CPU
		{F07D1923-3B41-489D-AEAC-23FB25C485FC}.Debug|Any CPU.Build.0 = Debug|Any CPU
		{F07D1923-3B41-489D-AEAC-23FB25C485FC}.Release|Any CPU.ActiveCfg = Release|Any CPU
		{F07D1923-3B41-489D-AEAC-23FB25C485FC}.Release|Any CPU.Build.0 = Release|Any CPU
	EndGlobalSection
	GlobalSection(SolutionProperties) = preSolution
		HideSolutionNode = FALSE
	EndGlobalSection
	GlobalSection(ExtensibilityGlobals) = postSolution
		SolutionGuid = {6F94DDF3-A51B-4CAC-B0D0-6AF2B31D794E}
	EndGlobalSection
EndGlobal
