
Microsoft Visual Studio Solution File, Format Version 12.00
# Visual Studio Version 16
VisualStudioVersion = 16.0.29609.76
MinimumVisualStudioVersion = 10.0.40219.1
Project("{9A19103F-16F7-4668-BE54-9A1E7A4F7556}") = "BenchmarkingDemos", "BenchmarkingDemos\BenchmarkingDemos.csproj", "{F17164D8-1A01-494E-A84D-6541D92FCC16}"
EndProject
Project("{9A19103F-16F7-4668-BE54-9A1E7A4F7556}") = "BenchRunner", "BenchRunner\BenchRunner.csproj", "{24AD7AC1-8DCB-4D7C-AA2A-4B99B2601C22}"
EndProject
Global
	GlobalSection(SolutionConfigurationPlatforms) = preSolution
		Debug|Any CPU = Debug|Any CPU
		Release|Any CPU = Release|Any CPU
	EndGlobalSection
	GlobalSection(ProjectConfigurationPlatforms) = postSolution
		{F17164D8-1A01-494E-A84D-6541D92FCC16}.Debug|Any CPU.ActiveCfg = Debug|Any CPU
		{F17164D8-1A01-494E-A84D-6541D92FCC16}.Debug|Any CPU.Build.0 = Debug|Any CPU
		{F17164D8-1A01-494E-A84D-6541D92FCC16}.Release|Any CPU.ActiveCfg = Release|Any CPU
		{F17164D8-1A01-494E-A84D-6541D92FCC16}.Release|Any CPU.Build.0 = Release|Any CPU
		{24AD7AC1-8DCB-4D7C-AA2A-4B99B2601C22}.Debug|Any CPU.ActiveCfg = Debug|Any CPU
		{24AD7AC1-8DCB-4D7C-AA2A-4B99B2601C22}.Debug|Any CPU.Build.0 = Debug|Any CPU
		{24AD7AC1-8DCB-4D7C-AA2A-4B99B2601C22}.Release|Any CPU.ActiveCfg = Release|Any CPU
		{24AD7AC1-8DCB-4D7C-AA2A-4B99B2601C22}.Release|Any CPU.Build.0 = Release|Any CPU
	EndGlobalSection
	GlobalSection(SolutionProperties) = preSolution
		HideSolutionNode = FALSE
	EndGlobalSection
	GlobalSection(ExtensibilityGlobals) = postSolution
		SolutionGuid = {6F94DDF3-A51B-4CAC-B0D0-6AF2B31D794E}
	EndGlobalSection
EndGlobal
